
Microsoft Visual Studio Solution File, Format Version 12.00
# Visual Studio 15
VisualStudioVersion = 15.0.27703.2035
MinimumVisualStudioVersion = 10.0.40219.1
Project("{FAE04EC0-301F-11D3-BF4B-00C04F79EFBC}") = "Main", "FantasyStats\Main.csproj", "{14229895-D543-4429-9656-6C9D74DD8B73}"
EndProject
Project("{FAE04EC0-301F-11D3-BF4B-00C04F79EFBC}") = "ServiceManager", "Data\ServiceManager.csproj", "{6F18F870-0DFA-4156-9523-B47E11B7184D}"
EndProject
Project("{FAE04EC0-301F-11D3-BF4B-00C04F79EFBC}") = "Common", "Common\Common.csproj", "{472AE17E-7E39-4977-8CD2-F87DD246D9E1}"
EndProject
Project("{2150E333-8FDC-42A3-9474-1A3956D46DE8}") = "Data", "Data", "{226310CC-9142-41A4-A245-BC286B0A8D1F}"
EndProject
Project("{FAE04EC0-301F-11D3-BF4B-00C04F79EFBC}") = "DataManager", "DataManager\DataManager.csproj", "{BE420E9C-D721-4DD2-9FC8-28FC201BAB29}"
EndProject
Project("{2150E333-8FDC-42A3-9474-1A3956D46DE8}") = "Test", "Test", "{3A6DDECF-8735-4249-9C29-8F64E1DF5C10}"
EndProject
Project("{FAE04EC0-301F-11D3-BF4B-00C04F79EFBC}") = "Test", "Test\Test.csproj", "{95AA8098-F35B-4351-93C3-BA3DBF6A1FAE}"
EndProject
Project("{FAE04EC0-301F-11D3-BF4B-00C04F79EFBC}") = "ServiceInstance", "ServiceInstance\ServiceInstance.csproj", "{4E001CDB-7045-4F8C-B87D-5C30E804E018}"
EndProject
Project("{2150E333-8FDC-42A3-9474-1A3956D46DE8}") = "Business", "Business", "{63332B42-843D-4585-AF5D-DEA2D5CD21D6}"
EndProject
Project("{FAE04EC0-301F-11D3-BF4B-00C04F79EFBC}") = "FPLModeling", "FPLModeling\FPLModeling.csproj", "{FB7BD092-5337-4DEB-A316-0E76A38AD198}"
EndProject
Global
	GlobalSection(SolutionConfigurationPlatforms) = preSolution
		Debug|Any CPU = Debug|Any CPU
		Release|Any CPU = Release|Any CPU
	EndGlobalSection
	GlobalSection(ProjectConfigurationPlatforms) = postSolution
		{14229895-D543-4429-9656-6C9D74DD8B73}.Debug|Any CPU.ActiveCfg = Debug|Any CPU
		{14229895-D543-4429-9656-6C9D74DD8B73}.Debug|Any CPU.Build.0 = Debug|Any CPU
		{14229895-D543-4429-9656-6C9D74DD8B73}.Release|Any CPU.ActiveCfg = Release|Any CPU
		{14229895-D543-4429-9656-6C9D74DD8B73}.Release|Any CPU.Build.0 = Release|Any CPU
		{6F18F870-0DFA-4156-9523-B47E11B7184D}.Debug|Any CPU.ActiveCfg = Debug|Any CPU
		{6F18F870-0DFA-4156-9523-B47E11B7184D}.Debug|Any CPU.Build.0 = Debug|Any CPU
		{6F18F870-0DFA-4156-9523-B47E11B7184D}.Release|Any CPU.ActiveCfg = Release|Any CPU
		{6F18F870-0DFA-4156-9523-B47E11B7184D}.Release|Any CPU.Build.0 = Release|Any CPU
		{472AE17E-7E39-4977-8CD2-F87DD246D9E1}.Debug|Any CPU.ActiveCfg = Debug|Any CPU
		{472AE17E-7E39-4977-8CD2-F87DD246D9E1}.Debug|Any CPU.Build.0 = Debug|Any CPU
		{472AE17E-7E39-4977-8CD2-F87DD246D9E1}.Release|Any CPU.ActiveCfg = Release|Any CPU
		{472AE17E-7E39-4977-8CD2-F87DD246D9E1}.Release|Any CPU.Build.0 = Release|Any CPU
		{BE420E9C-D721-4DD2-9FC8-28FC201BAB29}.Debug|Any CPU.ActiveCfg = Debug|Any CPU
		{BE420E9C-D721-4DD2-9FC8-28FC201BAB29}.Debug|Any CPU.Build.0 = Debug|Any CPU
		{BE420E9C-D721-4DD2-9FC8-28FC201BAB29}.Release|Any CPU.ActiveCfg = Release|Any CPU
		{BE420E9C-D721-4DD2-9FC8-28FC201BAB29}.Release|Any CPU.Build.0 = Release|Any CPU
		{95AA8098-F35B-4351-93C3-BA3DBF6A1FAE}.Debug|Any CPU.ActiveCfg = Debug|Any CPU
		{95AA8098-F35B-4351-93C3-BA3DBF6A1FAE}.Debug|Any CPU.Build.0 = Debug|Any CPU
		{95AA8098-F35B-4351-93C3-BA3DBF6A1FAE}.Release|Any CPU.ActiveCfg = Release|Any CPU
		{95AA8098-F35B-4351-93C3-BA3DBF6A1FAE}.Release|Any CPU.Build.0 = Release|Any CPU
		{4E001CDB-7045-4F8C-B87D-5C30E804E018}.Debug|Any CPU.ActiveCfg = Debug|Any CPU
		{4E001CDB-7045-4F8C-B87D-5C30E804E018}.Debug|Any CPU.Build.0 = Debug|Any CPU
		{4E001CDB-7045-4F8C-B87D-5C30E804E018}.Release|Any CPU.ActiveCfg = Release|Any CPU
		{4E001CDB-7045-4F8C-B87D-5C30E804E018}.Release|Any CPU.Build.0 = Release|Any CPU
		{FB7BD092-5337-4DEB-A316-0E76A38AD198}.Debug|Any CPU.ActiveCfg = Debug|Any CPU
		{FB7BD092-5337-4DEB-A316-0E76A38AD198}.Debug|Any CPU.Build.0 = Debug|Any CPU
		{FB7BD092-5337-4DEB-A316-0E76A38AD198}.Release|Any CPU.ActiveCfg = Release|Any CPU
		{FB7BD092-5337-4DEB-A316-0E76A38AD198}.Release|Any CPU.Build.0 = Release|Any CPU
	EndGlobalSection
	GlobalSection(SolutionProperties) = preSolution
		HideSolutionNode = FALSE
	EndGlobalSection
	GlobalSection(NestedProjects) = preSolution
		{6F18F870-0DFA-4156-9523-B47E11B7184D} = {226310CC-9142-41A4-A245-BC286B0A8D1F}
		{BE420E9C-D721-4DD2-9FC8-28FC201BAB29} = {226310CC-9142-41A4-A245-BC286B0A8D1F}
		{95AA8098-F35B-4351-93C3-BA3DBF6A1FAE} = {3A6DDECF-8735-4249-9C29-8F64E1DF5C10}
		{FB7BD092-5337-4DEB-A316-0E76A38AD198} = {63332B42-843D-4585-AF5D-DEA2D5CD21D6}
	EndGlobalSection
	GlobalSection(ExtensibilityGlobals) = postSolution
		SolutionGuid = {2F49A13F-8C19-41B9-86B1-433FD9F4568F}
	EndGlobalSection
EndGlobal
